
Microsoft Visual Studio Solution File, Format Version 12.00
# Visual Studio Version 17
VisualStudioVersion = 17.0.31903.59
MinimumVisualStudioVersion = 10.0.40219.1
Project("{FAE04EC0-301F-11D3-BF4B-00C04F79EFBC}") = "DreamOS.Core", "DreamOS.Core\DreamOS.Core.csproj", "{C6D36E29-5066-496E-92E4-64977565D9E4}"
EndProject
Project("{FAE04EC0-301F-11D3-BF4B-00C04F79EFBC}") = "DreamOS.Infrastructure", "DreamOS.Infrastructure\DreamOS.Infrastructure.csproj", "{FEAD86A2-2B5D-48E7-A56B-5508FF348385}"
EndProject
Project("{FAE04EC0-301F-11D3-BF4B-00C04F79EFBC}") = "DreamOS.Api", "DreamOS.Api\DreamOS.Api.csproj", "{FB24FD25-2832-45D6-9A8C-5383A8EF10E8}"
EndProject
Global
	GlobalSection(SolutionConfigurationPlatforms) = preSolution
		Debug|Any CPU = Debug|Any CPU
		Release|Any CPU = Release|Any CPU
	EndGlobalSection
	GlobalSection(SolutionProperties) = preSolution
		HideSolutionNode = FALSE
	EndGlobalSection
	GlobalSection(ProjectConfigurationPlatforms) = postSolution
		{C6D36E29-5066-496E-92E4-64977565D9E4}.Debug|Any CPU.ActiveCfg = Debug|Any CPU
		{C6D36E29-5066-496E-92E4-64977565D9E4}.Debug|Any CPU.Build.0 = Debug|Any CPU
		{C6D36E29-5066-496E-92E4-64977565D9E4}.Release|Any CPU.ActiveCfg = Release|Any CPU
		{C6D36E29-5066-496E-92E4-64977565D9E4}.Release|Any CPU.Build.0 = Release|Any CPU
		{FEAD86A2-2B5D-48E7-A56B-5508FF348385}.Debug|Any CPU.ActiveCfg = Debug|Any CPU
		{FEAD86A2-2B5D-48E7-A56B-5508FF348385}.Debug|Any CPU.Build.0 = Debug|Any CPU
		{FEAD86A2-2B5D-48E7-A56B-5508FF348385}.Release|Any CPU.ActiveCfg = Release|Any CPU
		{FEAD86A2-2B5D-48E7-A56B-5508FF348385}.Release|Any CPU.Build.0 = Release|Any CPU
		{FB24FD25-2832-45D6-9A8C-5383A8EF10E8}.Debug|Any CPU.ActiveCfg = Debug|Any CPU
		{FB24FD25-2832-45D6-9A8C-5383A8EF10E8}.Debug|Any CPU.Build.0 = Debug|Any CPU
		{FB24FD25-2832-45D6-9A8C-5383A8EF10E8}.Release|Any CPU.ActiveCfg = Release|Any CPU
		{FB24FD25-2832-45D6-9A8C-5383A8EF10E8}.Release|Any CPU.Build.0 = Release|Any CPU
	EndGlobalSection
EndGlobal
